{
  "originHash" : "ca17aabc49251c13f7de65ce23bbc5ce0251fb4800e07085d9e5274e95e1123b",
  "pins" : [
    {
      "identity" : "bleswift",
      "kind" : "remoteSourceControl",
      "location" : "https://github.com/kylebrowning/BLESwift.git",
      "state" : {
        "revision" : "255a8a2ba9d34d01a3e40c8714d6ffe8b0f10ce8",
        "version" : "1.0.0"
      }
    },
    {
      "identity" : "swift-argument-parser",
      "kind" : "remoteSourceControl",
      "location" : "https://github.com/apple/swift-argument-parser.git",
      "state" : {
        "revision" : "6a52f3251125d74daf04fcbd5e6f08a75d074382",
        "version" : "1.8.2"
      }
    },
    {
      "identity" : "swift-log",
      "kind" : "remoteSourceControl",
      "location" : "https://github.com/apple/swift-log.git",
      "state" : {
        "revision" : "a878e7f8f46cfc0e1125e565b5c08e7d5272dc9a",
        "version" : "1.14.0"
      }
    },
    {
      "identity" : "yams",
      "kind" : "remoteSourceControl",
      "location" : "https://github.com/jpsim/Yams.git",
      "state" : {
        "revision" : "a27b21e0c81c5bf42049b897a62aaf387e80f279",
        "version" : "6.2.2"
      }
    }
  ],
  "version" : 3
}
